
Microsoft Visual Studio Solution File, Format Version 12.00
# Visual Studio Version 16
VisualStudioVersion = 16.0.30114.105
MinimumVisualStudioVersion = 10.0.40219.1
Project("{FAE04EC0-301F-11D3-BF4B-00C04F79EFBC}") = "Journal.Server", "Journal.Server\Journal.Server.csproj", "{AB2E7AC2-0E52-474C-9E93-754B67CB8016}"
EndProject
Global
	GlobalSection(SolutionConfigurationPlatforms) = preSolution
		Debug|Any CPU = Debug|Any CPU
		Release|Any CPU = Release|Any CPU
	EndGlobalSection
	GlobalSection(ProjectConfigurationPlatforms) = postSolution
		{AB2E7AC2-0E52-474C-9E93-754B67CB8016}.Debug|Any CPU.ActiveCfg = Debug|Any CPU
		{AB2E7AC2-0E52-474C-9E93-754B67CB8016}.Debug|Any CPU.Build.0 = Debug|Any CPU
		{AB2E7AC2-0E52-474C-9E93-754B67CB8016}.Release|Any CPU.ActiveCfg = Release|Any CPU
		{AB2E7AC2-0E52-474C-9E93-754B67CB8016}.Release|Any CPU.Build.0 = Release|Any CPU
	EndGlobalSection
	GlobalSection(SolutionProperties) = preSolution
		HideSolutionNode = FALSE
	EndGlobalSection
	GlobalSection(ExtensibilityGlobals) = postSolution
		SolutionGuid = {F002D78B-7298-4AE6-A691-61CAA7D6FF7B}
	EndGlobalSection
EndGlobal
