
Microsoft Visual Studio Solution File, Format Version 12.00
# Visual Studio Version 16
VisualStudioVersion = 16.0.30114.105
MinimumVisualStudioVersion = 10.0.40219.1
Project("{9A19103F-16F7-4668-BE54-9A1E7A4F7556}") = "Journal.Server", "Journal.Server\Journal.Server.csproj", "{AB2E7AC2-0E52-474C-9E93-754B67CB8016}"
EndProject
Project("{9A19103F-16F7-4668-BE54-9A1E7A4F7556}") = "Journal.Server.IntegrationTests", "Journal.Server.IntegrationTests\Journal.Server.IntegrationTests.csproj", "{CE56D809-770B-4B77-AB0F-07767E3B9AAD}"
EndProject
Project("{2150E333-8FDC-42A3-9474-1A3956D46DE8}") = "Solution Items", "Solution Items", "{F940C0CC-E93D-4E98-899A-A5D43581ADE3}"
	ProjectSection(SolutionItems) = preProject
		..\Readme.md = ..\Readme.md
	EndProjectSection
EndProject
Project("{9A19103F-16F7-4668-BE54-9A1E7A4F7556}") = "Journal.Server.UnitTests", "Journal.Server.UnitTests\Journal.Server.UnitTests.csproj", "{4B54213B-42E2-4A96-A087-810705709C67}"
EndProject
Project("{FAE04EC0-301F-11D3-BF4B-00C04F79EFBC}") = "Journal.EnvSetup", "Journal.EnvSetup\Journal.EnvSetup.csproj", "{60A0E5AF-2162-40ED-B81C-7392C997A987}"
EndProject
Global
	GlobalSection(SolutionConfigurationPlatforms) = preSolution
		Debug|Any CPU = Debug|Any CPU
		Release|Any CPU = Release|Any CPU
	EndGlobalSection
	GlobalSection(ProjectConfigurationPlatforms) = postSolution
		{AB2E7AC2-0E52-474C-9E93-754B67CB8016}.Debug|Any CPU.ActiveCfg = Debug|Any CPU
		{AB2E7AC2-0E52-474C-9E93-754B67CB8016}.Debug|Any CPU.Build.0 = Debug|Any CPU
		{AB2E7AC2-0E52-474C-9E93-754B67CB8016}.Release|Any CPU.ActiveCfg = Release|Any CPU
		{AB2E7AC2-0E52-474C-9E93-754B67CB8016}.Release|Any CPU.Build.0 = Release|Any CPU
		{CE56D809-770B-4B77-AB0F-07767E3B9AAD}.Debug|Any CPU.ActiveCfg = Debug|Any CPU
		{CE56D809-770B-4B77-AB0F-07767E3B9AAD}.Debug|Any CPU.Build.0 = Debug|Any CPU
		{CE56D809-770B-4B77-AB0F-07767E3B9AAD}.Release|Any CPU.ActiveCfg = Release|Any CPU
		{CE56D809-770B-4B77-AB0F-07767E3B9AAD}.Release|Any CPU.Build.0 = Release|Any CPU
		{4B54213B-42E2-4A96-A087-810705709C67}.Debug|Any CPU.ActiveCfg = Debug|Any CPU
		{4B54213B-42E2-4A96-A087-810705709C67}.Debug|Any CPU.Build.0 = Debug|Any CPU
		{4B54213B-42E2-4A96-A087-810705709C67}.Release|Any CPU.ActiveCfg = Release|Any CPU
		{4B54213B-42E2-4A96-A087-810705709C67}.Release|Any CPU.Build.0 = Release|Any CPU
		{60A0E5AF-2162-40ED-B81C-7392C997A987}.Debug|Any CPU.ActiveCfg = Debug|Any CPU
		{60A0E5AF-2162-40ED-B81C-7392C997A987}.Debug|Any CPU.Build.0 = Debug|Any CPU
		{60A0E5AF-2162-40ED-B81C-7392C997A987}.Release|Any CPU.ActiveCfg = Release|Any CPU
		{60A0E5AF-2162-40ED-B81C-7392C997A987}.Release|Any CPU.Build.0 = Release|Any CPU
	EndGlobalSection
	GlobalSection(SolutionProperties) = preSolution
		HideSolutionNode = FALSE
	EndGlobalSection
	GlobalSection(ExtensibilityGlobals) = postSolution
		SolutionGuid = {F002D78B-7298-4AE6-A691-61CAA7D6FF7B}
	EndGlobalSection
EndGlobal
